Microsoft Visual Studio Solution File, Format Version 8.00
Project("{FAE04EC0-301F-11D3-BF4B-00C04F79EFBC}") = "OGen_config", "..\OGen\OGen_config\OGen_config_vs7.csproj"", "{F59063BE-4135-4A4F-ACBD-5129AB83A4EC}"
	ProjectSection(ProjectDependencies) = postProject
	EndProjectSection
EndProject
Project("{FAE04EC0-301F-11D3-BF4B-00C04F79EFBC}") = "OGen_datalayer", "..\OGen\OGen_datalayer\OGen_datalayer_vs7.csproj"", "{4AE20414-478E-4859-849E-929741A5936C}"
	ProjectSection(ProjectDependencies) = postProject
	EndProjectSection
EndProject
Project("{FAE04EC0-301F-11D3-BF4B-00C04F79EFBC}") = "OGen_collections", "..\OGen\OGen_collections\OGen_collections_vs7.csproj"", "{A6E837F8-780F-4D05-B3ED-2FF1906B5766}"
	ProjectSection(ProjectDependencies) = postProject
	EndProjectSection
EndProject
Project("{FAE04EC0-301F-11D3-BF4B-00C04F79EFBC}") = "OGen_winforms", "..\OGen\OGen_winforms\OGen_winforms_vs7.csproj"", "{B3835B3F-C899-416F-BA94-625A4B32A4AC}"
	ProjectSection(ProjectDependencies) = postProject
	EndProjectSection
EndProject
Project("{FAE04EC0-301F-11D3-BF4B-00C04F79EFBC}") = "OGen_webforms", "..\OGen\OGen_webforms\OGen_webforms_vs7.csproj"", "{196FD9A0-3C2F-4B84-BDFF-0DADC2A03791}"
	ProjectSection(ProjectDependencies) = postProject
	EndProjectSection
EndProject
Project("{FAE04EC0-301F-11D3-BF4B-00C04F79EFBC}") = "OGen_generator", "..\OGen\OGen_generator\OGen_generator_vs7.csproj"", "{668ACF34-6104-4DD9-BB8A-65D9D94B0BB6}"
	ProjectSection(ProjectDependencies) = postProject
	EndProjectSection
EndProject
Project("{FAE04EC0-301F-11D3-BF4B-00C04F79EFBC}") = "OGen_templates", "..\OGen\OGen_templates\OGen_templates_vs7.csproj"", "{8377EF00-063B-451A-8408-FE2F8EAD5C32}"
	ProjectSection(ProjectDependencies) = postProject
	EndProjectSection
EndProject
Project("{FAE04EC0-301F-11D3-BF4B-00C04F79EFBC}") = "Doc-console", "Doc-console\Doc-console_vs7.csproj"", "{D4BA7561-1BEB-403C-933C-AE740D4889BE}"
	ProjectSection(ProjectDependencies) = postProject
	EndProjectSection
EndProject
Project("{FAE04EC0-301F-11D3-BF4B-00C04F79EFBC}") = "Doc_generator", "Doc_generator\Doc_generator_vs7.csproj"", "{0D8CBBD6-841B-4A03-9733-8AFE3B4D5C86}"
	ProjectSection(ProjectDependencies) = postProject
	EndProjectSection
EndProject
Project("{FAE04EC0-301F-11D3-BF4B-00C04F79EFBC}") = "Doc_metadata", "Doc_metadata\Doc_metadata_vs7.csproj"", "{9DF6791A-1771-4EB6-8FEB-7F54AC2D9078}"
	ProjectSection(ProjectDependencies) = postProject
	EndProjectSection
EndProject
Project("{FAE04EC0-301F-11D3-BF4B-00C04F79EFBC}") = "OGen_parser", "..\OGen\OGen_parser\OGen_parser_vs7.csproj"", "{981BC7DE-D93C-446E-861E-60A20E4E3391}"
	ProjectSection(ProjectDependencies) = postProject
	EndProjectSection
EndProject
Project("{FAE04EC0-301F-11D3-BF4B-00C04F79EFBC}") = "Doc_templates", "Doc_templates\Doc_templates_vs7.csproj"", "{D5FDB433-994F-404C-B535-FB90B005B6B8}"
	ProjectSection(ProjectDependencies) = postProject
	EndProjectSection
EndProject
Project("{FAE04EC0-301F-11D3-BF4B-00C04F79EFBC}") = "Doc_metadata_UTs", "Doc_metadata_UTs\Doc_metadata_UTs_vs7.csproj"", "{0464029F-0B64-4520-AFF3-D048C14F3CFF}"
	ProjectSection(ProjectDependencies) = postProject
	EndProjectSection
EndProject
Global
	GlobalSection(SolutionConfiguration) = preSolution
		Debug = Debug
		Release = Release
	EndGlobalSection
	GlobalSection(ProjectConfiguration) = postSolution
		{F59063BE-4135-4A4F-ACBD-5129AB83A4EC}.Debug.ActiveCfg = Debug|.NET
		{F59063BE-4135-4A4F-ACBD-5129AB83A4EC}.Debug.Build.0 = Debug|.NET
		{F59063BE-4135-4A4F-ACBD-5129AB83A4EC}.Release.ActiveCfg = Release|.NET
		{F59063BE-4135-4A4F-ACBD-5129AB83A4EC}.Release.Build.0 = Release|.NET
		{4AE20414-478E-4859-849E-929741A5936C}.Debug.ActiveCfg = Debug|.NET
		{4AE20414-478E-4859-849E-929741A5936C}.Debug.Build.0 = Debug|.NET
		{4AE20414-478E-4859-849E-929741A5936C}.Release.ActiveCfg = Release|.NET
		{4AE20414-478E-4859-849E-929741A5936C}.Release.Build.0 = Release|.NET
		{A6E837F8-780F-4D05-B3ED-2FF1906B5766}.Debug.ActiveCfg = Debug|.NET
		{A6E837F8-780F-4D05-B3ED-2FF1906B5766}.Debug.Build.0 = Debug|.NET
		{A6E837F8-780F-4D05-B3ED-2FF1906B5766}.Release.ActiveCfg = Release|.NET
		{A6E837F8-780F-4D05-B3ED-2FF1906B5766}.Release.Build.0 = Release|.NET
		{B3835B3F-C899-416F-BA94-625A4B32A4AC}.Debug.ActiveCfg = Debug|.NET
		{B3835B3F-C899-416F-BA94-625A4B32A4AC}.Debug.Build.0 = Debug|.NET
		{B3835B3F-C899-416F-BA94-625A4B32A4AC}.Release.ActiveCfg = Release|.NET
		{B3835B3F-C899-416F-BA94-625A4B32A4AC}.Release.Build.0 = Release|.NET
		{196FD9A0-3C2F-4B84-BDFF-0DADC2A03791}.Debug.ActiveCfg = Debug|.NET
		{196FD9A0-3C2F-4B84-BDFF-0DADC2A03791}.Debug.Build.0 = Debug|.NET
		{196FD9A0-3C2F-4B84-BDFF-0DADC2A03791}.Release.ActiveCfg = Release|.NET
		{196FD9A0-3C2F-4B84-BDFF-0DADC2A03791}.Release.Build.0 = Release|.NET
		{668ACF34-6104-4DD9-BB8A-65D9D94B0BB6}.Debug.ActiveCfg = Debug|.NET
		{668ACF34-6104-4DD9-BB8A-65D9D94B0BB6}.Debug.Build.0 = Debug|.NET
		{668ACF34-6104-4DD9-BB8A-65D9D94B0BB6}.Release.ActiveCfg = Release|.NET
		{668ACF34-6104-4DD9-BB8A-65D9D94B0BB6}.Release.Build.0 = Release|.NET
		{8377EF00-063B-451A-8408-FE2F8EAD5C32}.Debug.ActiveCfg = Debug|.NET
		{8377EF00-063B-451A-8408-FE2F8EAD5C32}.Debug.Build.0 = Debug|.NET
		{8377EF00-063B-451A-8408-FE2F8EAD5C32}.Release.ActiveCfg = Release|.NET
		{8377EF00-063B-451A-8408-FE2F8EAD5C32}.Release.Build.0 = Release|.NET
		{D4BA7561-1BEB-403C-933C-AE740D4889BE}.Debug.ActiveCfg = Debug|.NET
		{D4BA7561-1BEB-403C-933C-AE740D4889BE}.Debug.Build.0 = Debug|.NET
		{D4BA7561-1BEB-403C-933C-AE740D4889BE}.Release.ActiveCfg = Release|.NET
		{D4BA7561-1BEB-403C-933C-AE740D4889BE}.Release.Build.0 = Release|.NET
		{0D8CBBD6-841B-4A03-9733-8AFE3B4D5C86}.Debug.ActiveCfg = Debug|.NET
		{0D8CBBD6-841B-4A03-9733-8AFE3B4D5C86}.Debug.Build.0 = Debug|.NET
		{0D8CBBD6-841B-4A03-9733-8AFE3B4D5C86}.Release.ActiveCfg = Release|.NET
		{0D8CBBD6-841B-4A03-9733-8AFE3B4D5C86}.Release.Build.0 = Release|.NET
		{9DF6791A-1771-4EB6-8FEB-7F54AC2D9078}.Debug.ActiveCfg = Debug|.NET
		{9DF6791A-1771-4EB6-8FEB-7F54AC2D9078}.Debug.Build.0 = Debug|.NET
		{9DF6791A-1771-4EB6-8FEB-7F54AC2D9078}.Release.ActiveCfg = Release|.NET
		{9DF6791A-1771-4EB6-8FEB-7F54AC2D9078}.Release.Build.0 = Release|.NET
		{981BC7DE-D93C-446E-861E-60A20E4E3391}.Debug.ActiveCfg = Debug|.NET
		{981BC7DE-D93C-446E-861E-60A20E4E3391}.Debug.Build.0 = Debug|.NET
		{981BC7DE-D93C-446E-861E-60A20E4E3391}.Release.ActiveCfg = Release|.NET
		{981BC7DE-D93C-446E-861E-60A20E4E3391}.Release.Build.0 = Release|.NET
		{D5FDB433-994F-404C-B535-FB90B005B6B8}.Debug.ActiveCfg = Debug|.NET
		{D5FDB433-994F-404C-B535-FB90B005B6B8}.Debug.Build.0 = Debug|.NET
		{D5FDB433-994F-404C-B535-FB90B005B6B8}.Release.ActiveCfg = Release|.NET
		{D5FDB433-994F-404C-B535-FB90B005B6B8}.Release.Build.0 = Release|.NET
		{0464029F-0B64-4520-AFF3-D048C14F3CFF}.Debug.ActiveCfg = Debug|.NET
		{0464029F-0B64-4520-AFF3-D048C14F3CFF}.Debug.Build.0 = Debug|.NET
		{0464029F-0B64-4520-AFF3-D048C14F3CFF}.Release.ActiveCfg = Release|.NET
		{0464029F-0B64-4520-AFF3-D048C14F3CFF}.Release.Build.0 = Release|.NET
	EndGlobalSection
	GlobalSection(ExtensibilityGlobals) = postSolution
	EndGlobalSection
	GlobalSection(ExtensibilityAddIns) = postSolution
	EndGlobalSection
EndGlobal
