
Microsoft Visual Studio Solution File, Format Version 9.00
# Visual Studio 2005
# SharpDevelop 2.2.1.2648
Project("{FAE04EC0-301F-11D3-BF4B-00C04F79EFBC}") = "XSD_metadata", "XSD_metadata\XSD_metadata-8.csproj", "{4DF3D49D-AE3E-47F9-A33F-EB335D7B418E}"
EndProject
Project("{FAE04EC0-301F-11D3-BF4B-00C04F79EFBC}") = "XSD-Test", "XSD-Test\XSD-Test-8.csproj", "{E91AFBB5-F6BE-47D1-90B1-811EEB9D42DC}"
EndProject
Project("{FAE04EC0-301F-11D3-BF4B-00C04F79EFBC}") = "XSD_generator", "XSD_generator\XSD_generator-8.csproj", "{8FBFD76E-FD3D-415C-B046-EFC947BE4259}"
EndProject
Project("{FAE04EC0-301F-11D3-BF4B-00C04F79EFBC}") = "XSD_templates", "XSD_templates\XSD_templates-8.csproj", "{327AF732-DFFD-488F-85C7-92B23D03BD34}"
EndProject
Project("{FAE04EC0-301F-11D3-BF4B-00C04F79EFBC}") = "XSD-console", "XSD-console\XSD-console-8.csproj", "{B716D6F2-D45A-49A0-BEFA-D5A206303304}"
EndProject
Global
	GlobalSection(SolutionConfigurationPlatforms) = preSolution
		Debug|Any CPU = Debug|Any CPU
		Release|Any CPU = Release|Any CPU
	EndGlobalSection
	GlobalSection(ProjectConfigurationPlatforms) = postSolution
		{4DF3D49D-AE3E-47F9-A33F-EB335D7B418E}.Debug|Any CPU.Build.0 = Debug|Any CPU
		{4DF3D49D-AE3E-47F9-A33F-EB335D7B418E}.Debug|Any CPU.ActiveCfg = Debug|Any CPU
		{4DF3D49D-AE3E-47F9-A33F-EB335D7B418E}.Release|Any CPU.Build.0 = Release|Any CPU
		{4DF3D49D-AE3E-47F9-A33F-EB335D7B418E}.Release|Any CPU.ActiveCfg = Release|Any CPU
		{E91AFBB5-F6BE-47D1-90B1-811EEB9D42DC}.Debug|Any CPU.Build.0 = Debug|Any CPU
		{E91AFBB5-F6BE-47D1-90B1-811EEB9D42DC}.Debug|Any CPU.ActiveCfg = Debug|Any CPU
		{E91AFBB5-F6BE-47D1-90B1-811EEB9D42DC}.Release|Any CPU.Build.0 = Release|Any CPU
		{E91AFBB5-F6BE-47D1-90B1-811EEB9D42DC}.Release|Any CPU.ActiveCfg = Release|Any CPU
		{8FBFD76E-FD3D-415C-B046-EFC947BE4259}.Debug|Any CPU.Build.0 = Debug|Any CPU
		{8FBFD76E-FD3D-415C-B046-EFC947BE4259}.Debug|Any CPU.ActiveCfg = Debug|Any CPU
		{8FBFD76E-FD3D-415C-B046-EFC947BE4259}.Release|Any CPU.Build.0 = Release|Any CPU
		{8FBFD76E-FD3D-415C-B046-EFC947BE4259}.Release|Any CPU.ActiveCfg = Release|Any CPU
		{327AF732-DFFD-488F-85C7-92B23D03BD34}.Debug|Any CPU.Build.0 = Debug|Any CPU
		{327AF732-DFFD-488F-85C7-92B23D03BD34}.Debug|Any CPU.ActiveCfg = Debug|Any CPU
		{327AF732-DFFD-488F-85C7-92B23D03BD34}.Release|Any CPU.Build.0 = Release|Any CPU
		{327AF732-DFFD-488F-85C7-92B23D03BD34}.Release|Any CPU.ActiveCfg = Release|Any CPU
		{B716D6F2-D45A-49A0-BEFA-D5A206303304}.Debug|Any CPU.Build.0 = Debug|Any CPU
		{B716D6F2-D45A-49A0-BEFA-D5A206303304}.Debug|Any CPU.ActiveCfg = Debug|Any CPU
		{B716D6F2-D45A-49A0-BEFA-D5A206303304}.Release|Any CPU.Build.0 = Release|Any CPU
		{B716D6F2-D45A-49A0-BEFA-D5A206303304}.Release|Any CPU.ActiveCfg = Release|Any CPU
	EndGlobalSection
EndGlobal
